<?xml version="1.0" encoding="utf-8"?>
<Project ToolsVersion="14.0" xmlns="http://schemas.microsoft.com/developer/msbuild/2003">
  <ItemGroup>
    <Filter Include="Common">
      <UniqueIdentifier>ab04a2ee-458b-4a85-9eef-2faa45dfba33</UniqueIdentifier>
    </Filter>
    <Filter Include="Assets">
      <UniqueIdentifier>90ed6a74-a2e7-4fb9-a625-e6e10a23b49f</UniqueIdentifier>
      <Extensions>bmp;fbx;gif;jpg;jpeg;tga;tiff;tif;png</Extensions>
    </Filter>
  </ItemGroup>
  <ItemGroup>
    <ApplicationDefinition Include="UnitTestApp.xaml" />
  </ItemGroup>
  <ItemGroup>
    <ClCompile Include="UnitTestApp.xaml.cpp" />
    <ClCompile Include="UnitTest.cpp" />
    <ClCompile Include="pch.cpp" />
    <ClCompile Include="util\Rotation2D.cpp" />
    <ClCompile Include="util\Translation2D.cpp" />
    <ClCompile Include="util\RigidTransform2D.cpp" />
    <ClCompile Include="util\InterpolatingDouble.cpp" />
    <ClCompile Include="util\GoalTrack.cpp" />
    <ClCompile Include="util\GoalTracker.cpp" />
  </ItemGroup>
  <ItemGroup>
    <ClInclude Include="pch.h" />
    <ClInclude Include="UnitTestApp.xaml.h" />
    <ClInclude Include="util\Rotation2D.h" />
    <ClInclude Include="util\Translation2D.h" />
    <ClInclude Include="util\RigidTransform2D.h" />
    <ClInclude Include="util\Interpolable.h" />
    <ClInclude Include="util\InverseInterpolable.h" />
    <ClInclude Include="util\InterpolatingDouble.h" />
    <ClInclude Include="util\InterpolatingMap.h" />
    <ClInclude Include="util\GoalTrack.h" />
    <ClInclude Include="util\Constants.h" />
    <ClInclude Include="util\GoalTracker.h" />
  </ItemGroup>
  <ItemGroup>
    <Xml Include="UnitTestApp.rd.xml" />
  </ItemGroup>
  <ItemGroup>
    <Image Include="Assets\LockScreenLogo.scale-200.png">
      <Filter>Assets</Filter>
    </Image>
    <Image Include="Assets\SplashScreen.scale-200.png">
      <Filter>Assets</Filter>
    </Image>
    <Image Include="Assets\Square44x44Logo.scale-200.png">
      <Filter>Assets</Filter>
    </Image>
    <Image Include="Assets\Square44x44Logo.targetsize-24_altform-unplated.png">
      <Filter>Assets</Filter>
    </Image>
    <Image Include="Assets\Square150x150Logo.scale-200.png">
      <Filter>Assets</Filter>
    </Image>
    <Image Include="Assets\StoreLogo.png">
      <Filter>Assets</Filter>
    </Image>
    <Image Include="Assets\Wide310x150Logo.scale-200.png">
      <Filter>Assets</Filter>
    </Image>
  </ItemGroup>
  <ItemGroup>
    <AppxManifest Include="Package.appxmanifest" />
  </ItemGroup>
  <ItemGroup>
    <None Include="UnitTestApp1_TemporaryKey.pfx" />
  </ItemGroup>
</Project>